// !$*UTF8*$!
{
	archiveVersion = 1;
	classes = {
	};
	objectVersion = 55;
	objects = {

/* Begin PBXBuildFile section */
		2E560E912805AE7900FB7523 /* AppDelegate.m in Sources */ = {isa = PBXBuildFile; fileRef = 2E560E902805AE7900FB7523 /* AppDelegate.m */; };
		2E560E942805AE7900FB7523 /* SceneDelegate.m in Sources */ = {isa = PBXBuildFile; fileRef = 2E560E932805AE7900FB7523 /* SceneDelegate.m */; };
		2E560E972805AE7900FB7523 /* ViewController.m in Sources */ = {isa = PBXBuildFile; fileRef = 2E560E962805AE7900FB7523 /* ViewController.m */; };
		2E560E9A2805AE7900FB7523 /* MainView.storyboard in Resources */ = {isa = PBXBuildFile; fileRef = 2E560E982805AE7900FB7523 /* MainView.storyboard */; };
		2E560E9C2805AE7A00FB7523 /* Assets.xcassets in Resources */ = {isa = PBXBuildFile; fileRef = 2E560E9B2805AE7A00FB7523 /* Assets.xcassets */; };
		2E560EA22805AE7A00FB7523 /* main.m in Sources */ = {isa = PBXBuildFile; fileRef = 2E560EA12805AE7A00FB7523 /* main.m */; };
		2E560EAC2805AE7A00FB7523 /* RTSPCameraIOSTests.m in Sources */ = {isa = PBXBuildFile; fileRef = 2E560EAB2805AE7A00FB7523 /* RTSPCameraIOSTests.m */; };
		2E560EB62805AE7A00FB7523 /* RTSPCameraIOSUITests.m in Sources */ = {isa = PBXBuildFile; fileRef = 2E560EB52805AE7A00FB7523 /* RTSPCameraIOSUITests.m */; };
		2E560EB82805AE7A00FB7523 /* RTSPCameraIOSUITestsLaunchTests.m in Sources */ = {isa = PBXBuildFile; fileRef = 2E560EB72805AE7A00FB7523 /* RTSPCameraIOSUITestsLaunchTests.m */; };
		2E755DD42809574A00997DC7 /* Model.m in Sources */ = {isa = PBXBuildFile; fileRef = 2E755DD32809574A00997DC7 /* Model.m */; };
		80D677392D4BD7D7A54BB165 /* Pods_RTSPCameraIOS.framework in Frameworks */ = {isa = PBXBuildFile; fileRef = F68F66C9A4C85383AC6969DE /* Pods_RTSPCameraIOS.framework */; };
		B166B2992806F2F400F1060E /* VideoView.m in Sources */ = {isa = PBXBuildFile; fileRef = B166B2982806F2F400F1060E /* VideoView.m */; };
		B166B29E2806F36E00F1060E /* Validator.m in Sources */ = {isa = PBXBuildFile; fileRef = B166B29D2806F36E00F1060E /* Validator.m */; };
		B166B2A22806F5F400F1060E /* VideoStreamController.m in Sources */ = {isa = PBXBuildFile; fileRef = B166B2A12806F5F400F1060E /* VideoStreamController.m */; };
		B16E7435280702DE00C20410 /* UINavigationController+Config.m in Sources */ = {isa = PBXBuildFile; fileRef = B16E7434280702DE00C20410 /* UINavigationController+Config.m */; };
		B16E74372807047E00C20410 /* UITextView+Ext.m in Sources */ = {isa = PBXBuildFile; fileRef = B16E74362807047E00C20410 /* UITextView+Ext.m */; };
		B16E743A28070E9500C20410 /* VideoView.storyboard in Resources */ = {isa = PBXBuildFile; fileRef = B16E743928070E9500C20410 /* VideoView.storyboard */; };
		B16E743D280726E200C20410 /* RTSPCapturer.m in Sources */ = {isa = PBXBuildFile; fileRef = B16E743C280726E200C20410 /* RTSPCapturer.m */; };
		B1B8A6F228080305008BE93F /* UIButtonView+Ext.m in Sources */ = {isa = PBXBuildFile; fileRef = B1B8A6F128080305008BE93F /* UIButtonView+Ext.m */; };
/* End PBXBuildFile section */

/* Begin PBXContainerItemProxy section */
		2E560EA82805AE7A00FB7523 /* PBXContainerItemProxy */ = {
			isa = PBXContainerItemProxy;
			containerPortal = 2E560E842805AE7900FB7523 /* Project object */;
			proxyType = 1;
			remoteGlobalIDString = 2E560E8B2805AE7900FB7523;
			remoteInfo = RTSPCameraIOS;
		};
		2E560EB22805AE7A00FB7523 /* PBXContainerItemProxy */ = {
			isa = PBXContainerItemProxy;
			containerPortal = 2E560E842805AE7900FB7523 /* Project object */;
			proxyType = 1;
			remoteGlobalIDString = 2E560E8B2805AE7900FB7523;
			remoteInfo = RTSPCameraIOS;
		};
/* End PBXContainerItemProxy section */

/* Begin PBXFileReference section */
		01CE3D23C58533AB16126EF5 /* Pods-RTSPCameraIOS.release.xcconfig */ = {isa = PBXFileReference; includeInIndex = 1; lastKnownFileType = text.xcconfig; name = "Pods-RTSPCameraIOS.release.xcconfig"; path = "Target Support Files/Pods-RTSPCameraIOS/Pods-RTSPCameraIOS.release.xcconfig"; sourceTree = "<group>"; };
		2E560E8C2805AE7900FB7523 /* RTSPCameraIOS.app */ = {isa = PBXFileReference; explicitFileType = wrapper.application; includeInIndex = 0; path = RTSPCameraIOS.app; sourceTree = BUILT_PRODUCTS_DIR; };
		2E560E8F2805AE7900FB7523 /* AppDelegate.h */ = {isa = PBXFileReference; lastKnownFileType = sourcecode.c.h; path = AppDelegate.h; sourceTree = "<group>"; };
		2E560E902805AE7900FB7523 /* AppDelegate.m */ = {isa = PBXFileReference; lastKnownFileType = sourcecode.c.objc; path = AppDelegate.m; sourceTree = "<group>"; };
		2E560E922805AE7900FB7523 /* SceneDelegate.h */ = {isa = PBXFileReference; lastKnownFileType = sourcecode.c.h; path = SceneDelegate.h; sourceTree = "<group>"; };
		2E560E932805AE7900FB7523 /* SceneDelegate.m */ = {isa = PBXFileReference; lastKnownFileType = sourcecode.c.objc; path = SceneDelegate.m; sourceTree = "<group>"; };
		2E560E952805AE7900FB7523 /* ViewController.h */ = {isa = PBXFileReference; lastKnownFileType = sourcecode.c.h; path = ViewController.h; sourceTree = "<group>"; };
		2E560E962805AE7900FB7523 /* ViewController.m */ = {isa = PBXFileReference; lastKnownFileType = sourcecode.c.objc; path = ViewController.m; sourceTree = "<group>"; };
		2E560E992805AE7900FB7523 /* Base */ = {isa = PBXFileReference; lastKnownFileType = file.storyboard; name = Base; path = Base.lproj/MainView.storyboard; sourceTree = "<group>"; };
		2E560E9B2805AE7A00FB7523 /* Assets.xcassets */ = {isa = PBXFileReference; lastKnownFileType = folder.assetcatalog; path = Assets.xcassets; sourceTree = "<group>"; };
		2E560EA02805AE7A00FB7523 /* Info.plist */ = {isa = PBXFileReference; lastKnownFileType = text.plist.xml; path = Info.plist; sourceTree = "<group>"; };
		2E560EA12805AE7A00FB7523 /* main.m */ = {isa = PBXFileReference; lastKnownFileType = sourcecode.c.objc; path = main.m; sourceTree = "<group>"; };
		2E560EA72805AE7A00FB7523 /* RTSPCameraIOSTests.xctest */ = {isa = PBXFileReference; explicitFileType = wrapper.cfbundle; includeInIndex = 0; path = RTSPCameraIOSTests.xctest; sourceTree = BUILT_PRODUCTS_DIR; };
		2E560EAB2805AE7A00FB7523 /* RTSPCameraIOSTests.m */ = {isa = PBXFileReference; lastKnownFileType = sourcecode.c.objc; path = RTSPCameraIOSTests.m; sourceTree = "<group>"; };
		2E560EB12805AE7A00FB7523 /* RTSPCameraIOSUITests.xctest */ = {isa = PBXFileReference; explicitFileType = wrapper.cfbundle; includeInIndex = 0; path = RTSPCameraIOSUITests.xctest; sourceTree = BUILT_PRODUCTS_DIR; };
		2E560EB52805AE7A00FB7523 /* RTSPCameraIOSUITests.m */ = {isa = PBXFileReference; lastKnownFileType = sourcecode.c.objc; path = RTSPCameraIOSUITests.m; sourceTree = "<group>"; };
		2E560EB72805AE7A00FB7523 /* RTSPCameraIOSUITestsLaunchTests.m */ = {isa = PBXFileReference; lastKnownFileType = sourcecode.c.objc; path = RTSPCameraIOSUITestsLaunchTests.m; sourceTree = "<group>"; };
		2E755DCF28094E1300997DC7 /* Debug-iphonesimulator-liblive555helper.a */ = {isa = PBXFileReference; lastKnownFileType = archive.ar; name = "Debug-iphonesimulator-liblive555helper.a"; path = "live555helper/output/Debug-iphonesimulator-liblive555helper.a"; sourceTree = "<group>"; };
		2E755DD32809574A00997DC7 /* Model.m */ = {isa = PBXFileReference; lastKnownFileType = sourcecode.c.objc; path = Model.m; sourceTree = "<group>"; };
		4793CA2C25258AB58E023F2C /* Pods-RTSPCameraIOS.debug.xcconfig */ = {isa = PBXFileReference; includeInIndex = 1; lastKnownFileType = text.xcconfig; name = "Pods-RTSPCameraIOS.debug.xcconfig"; path = "Target Support Files/Pods-RTSPCameraIOS/Pods-RTSPCameraIOS.debug.xcconfig"; sourceTree = "<group>"; };
		B166B2982806F2F400F1060E /* VideoView.m */ = {isa = PBXFileReference; lastKnownFileType = sourcecode.c.objc; path = VideoView.m; sourceTree = "<group>"; };
		B166B29A2806F30300F1060E /* VideoView.h */ = {isa = PBXFileReference; lastKnownFileType = sourcecode.c.h; path = VideoView.h; sourceTree = "<group>"; };
		B166B29C2806F35F00F1060E /* Validator.h */ = {isa = PBXFileReference; lastKnownFileType = sourcecode.c.h; path = Validator.h; sourceTree = "<group>"; };
		B166B29D2806F36E00F1060E /* Validator.m */ = {isa = PBXFileReference; lastKnownFileType = sourcecode.c.objc; path = Validator.m; sourceTree = "<group>"; };
		B166B2A12806F5F400F1060E /* VideoStreamController.m */ = {isa = PBXFileReference; lastKnownFileType = sourcecode.c.objc; path = VideoStreamController.m; sourceTree = "<group>"; };
		B166B2A32806F5FF00F1060E /* VideoStreamController.h */ = {isa = PBXFileReference; lastKnownFileType = sourcecode.c.h; path = VideoStreamController.h; sourceTree = "<group>"; };
		B16E7433280702D100C20410 /* UINavigationController+Config.h */ = {isa = PBXFileReference; lastKnownFileType = sourcecode.c.h; path = "UINavigationController+Config.h"; sourceTree = "<group>"; };
		B16E7434280702DE00C20410 /* UINavigationController+Config.m */ = {isa = PBXFileReference; lastKnownFileType = sourcecode.c.objc; path = "UINavigationController+Config.m"; sourceTree = "<group>"; };
		B16E74362807047E00C20410 /* UITextView+Ext.m */ = {isa = PBXFileReference; lastKnownFileType = sourcecode.c.objc; path = "UITextView+Ext.m"; sourceTree = "<group>"; };
		B16E74382807048900C20410 /* UITextView+Ext.h */ = {isa = PBXFileReference; lastKnownFileType = sourcecode.c.h; path = "UITextView+Ext.h"; sourceTree = "<group>"; };
		B16E743928070E9500C20410 /* VideoView.storyboard */ = {isa = PBXFileReference; lastKnownFileType = file.storyboard; path = VideoView.storyboard; sourceTree = "<group>"; };
		B16E743C280726E200C20410 /* RTSPCapturer.m */ = {isa = PBXFileReference; lastKnownFileType = sourcecode.c.objc; path = RTSPCapturer.m; sourceTree = "<group>"; };
		B16E743E280726EC00C20410 /* RTSPCapturer.h */ = {isa = PBXFileReference; lastKnownFileType = sourcecode.c.h; path = RTSPCapturer.h; sourceTree = "<group>"; };
		B16E743F2807295000C20410 /* Model.h */ = {isa = PBXFileReference; lastKnownFileType = sourcecode.c.h; path = Model.h; sourceTree = "<group>"; };
		B16E75122807330E00C20410 /* Debug-liblive555helper.a */ = {isa = PBXFileReference; lastKnownFileType = archive.ar; name = "Debug-liblive555helper.a"; path = "live555helper/output/Debug-liblive555helper.a"; sourceTree = "<group>"; };
		B1B8A6F0280802FA008BE93F /* UIButtonView+Ext.h */ = {isa = PBXFileReference; lastKnownFileType = sourcecode.c.h; path = "UIButtonView+Ext.h"; sourceTree = "<group>"; };
		B1B8A6F128080305008BE93F /* UIButtonView+Ext.m */ = {isa = PBXFileReference; lastKnownFileType = sourcecode.c.objc; path = "UIButtonView+Ext.m"; sourceTree = "<group>"; };
		B1B8A6F52809932C008BE93F /* Debug-iphoneos-liblive555helper.a */ = {isa = PBXFileReference; lastKnownFileType = archive.ar; name = "Debug-iphoneos-liblive555helper.a"; path = "live555helper/output/Debug-iphoneos-liblive555helper.a"; sourceTree = "<group>"; };
		F68F66C9A4C85383AC6969DE /* Pods_RTSPCameraIOS.framework */ = {isa = PBXFileReference; explicitFileType = wrapper.framework; includeInIndex = 0; path = Pods_RTSPCameraIOS.framework; sourceTree = BUILT_PRODUCTS_DIR; };
/* End PBXFileReference section */

/* Begin PBXFrameworksBuildPhase section */
		2E560E892805AE7900FB7523 /* Frameworks */ = {
			isa = PBXFrameworksBuildPhase;
			buildActionMask = 2147483647;
			files = (
				80D677392D4BD7D7A54BB165 /* Pods_RTSPCameraIOS.framework in Frameworks */,
			);
			runOnlyForDeploymentPostprocessing = 0;
		};
		2E560EA42805AE7A00FB7523 /* Frameworks */ = {
			isa = PBXFrameworksBuildPhase;
			buildActionMask = 2147483647;
			files = (
			);
			runOnlyForDeploymentPostprocessing = 0;
		};
		2E560EAE2805AE7A00FB7523 /* Frameworks */ = {
			isa = PBXFrameworksBuildPhase;
			buildActionMask = 2147483647;
			files = (
			);
			runOnlyForDeploymentPostprocessing = 0;
		};
/* End PBXFrameworksBuildPhase section */

/* Begin PBXGroup section */
		2E560E832805AE7900FB7523 = {
			isa = PBXGroup;
			children = (
				2E560E8E2805AE7900FB7523 /* RTSPCameraIOS */,
				2E560EAA2805AE7A00FB7523 /* RTSPCameraIOSTests */,
				2E560EB42805AE7A00FB7523 /* RTSPCameraIOSUITests */,
				2E560E8D2805AE7900FB7523 /* Products */,
				C9C48AF37EC06634C1B1CC84 /* Pods */,
				B463EB1B338D968D5D68A1FE /* Frameworks */,
			);
			sourceTree = "<group>";
		};
		2E560E8D2805AE7900FB7523 /* Products */ = {
			isa = PBXGroup;
			children = (
				2E560E8C2805AE7900FB7523 /* RTSPCameraIOS.app */,
				2E560EA72805AE7A00FB7523 /* RTSPCameraIOSTests.xctest */,
				2E560EB12805AE7A00FB7523 /* RTSPCameraIOSUITests.xctest */,
			);
			name = Products;
			sourceTree = "<group>";
		};
		2E560E8E2805AE7900FB7523 /* RTSPCameraIOS */ = {
			isa = PBXGroup;
			children = (
				B166B29B2806F35000F1060E /* Utilities */,
				B166B2972806F2E100F1060E /* Views */,
				B166B2962806F2A700F1060E /* Storyboard */,
				B166B2952806F26600F1060E /* Controllers */,
				B166B2942806F25A00F1060E /* Delegate */,
				B16E743B2807269600C20410 /* live555 */,
				2E560E9B2805AE7A00FB7523 /* Assets.xcassets */,
				2E560EA02805AE7A00FB7523 /* Info.plist */,
			);
			path = RTSPCameraIOS;
			sourceTree = "<group>";
		};
		2E560EAA2805AE7A00FB7523 /* RTSPCameraIOSTests */ = {
			isa = PBXGroup;
			children = (
				2E560EAB2805AE7A00FB7523 /* RTSPCameraIOSTests.m */,
			);
			path = RTSPCameraIOSTests;
			sourceTree = "<group>";
		};
		2E560EB42805AE7A00FB7523 /* RTSPCameraIOSUITests */ = {
			isa = PBXGroup;
			children = (
				2E560EB52805AE7A00FB7523 /* RTSPCameraIOSUITests.m */,
				2E560EB72805AE7A00FB7523 /* RTSPCameraIOSUITestsLaunchTests.m */,
			);
			path = RTSPCameraIOSUITests;
			sourceTree = "<group>";
		};
		B166B2942806F25A00F1060E /* Delegate */ = {
			isa = PBXGroup;
			children = (
				2E560EA12805AE7A00FB7523 /* main.m */,
				2E560E8F2805AE7900FB7523 /* AppDelegate.h */,
				2E560E902805AE7900FB7523 /* AppDelegate.m */,
				2E560E922805AE7900FB7523 /* SceneDelegate.h */,
				2E560E932805AE7900FB7523 /* SceneDelegate.m */,
			);
			path = Delegate;
			sourceTree = "<group>";
		};
		B166B2952806F26600F1060E /* Controllers */ = {
			isa = PBXGroup;
			children = (
				2E560E952805AE7900FB7523 /* ViewController.h */,
				2E560E962805AE7900FB7523 /* ViewController.m */,
				B166B2A12806F5F400F1060E /* VideoStreamController.m */,
				B166B2A32806F5FF00F1060E /* VideoStreamController.h */,
			);
			path = Controllers;
			sourceTree = "<group>";
		};
		B166B2962806F2A700F1060E /* Storyboard */ = {
			isa = PBXGroup;
			children = (
				2E560E982805AE7900FB7523 /* MainView.storyboard */,
				B16E743928070E9500C20410 /* VideoView.storyboard */,
			);
			path = Storyboard;
			sourceTree = "<group>";
		};
		B166B2972806F2E100F1060E /* Views */ = {
			isa = PBXGroup;
			children = (
				B166B2982806F2F400F1060E /* VideoView.m */,
				B166B29A2806F30300F1060E /* VideoView.h */,
				B16E7433280702D100C20410 /* UINavigationController+Config.h */,
				B16E7434280702DE00C20410 /* UINavigationController+Config.m */,
				B16E74362807047E00C20410 /* UITextView+Ext.m */,
				B16E74382807048900C20410 /* UITextView+Ext.h */,
				B1B8A6F0280802FA008BE93F /* UIButtonView+Ext.h */,
				B1B8A6F128080305008BE93F /* UIButtonView+Ext.m */,
			);
			path = Views;
			sourceTree = "<group>";
		};
		B166B29B2806F35000F1060E /* Utilities */ = {
			isa = PBXGroup;
			children = (
				B166B29C2806F35F00F1060E /* Validator.h */,
				B166B29D2806F36E00F1060E /* Validator.m */,
				B16E743F2807295000C20410 /* Model.h */,
				2E755DD32809574A00997DC7 /* Model.m */,
			);
			path = Utilities;
			sourceTree = "<group>";
		};
		B16E743B2807269600C20410 /* live555 */ = {
			isa = PBXGroup;
			children = (
				B16E743C280726E200C20410 /* RTSPCapturer.m */,
				B16E743E280726EC00C20410 /* RTSPCapturer.h */,
			);
			path = live555;
			sourceTree = "<group>";
		};
		B463EB1B338D968D5D68A1FE /* Frameworks */ = {
			isa = PBXGroup;
			children = (
				B1B8A6F52809932C008BE93F /* Debug-iphoneos-liblive555helper.a */,
				2E755DCF28094E1300997DC7 /* Debug-iphonesimulator-liblive555helper.a */,
				B16E75122807330E00C20410 /* Debug-liblive555helper.a */,
				F68F66C9A4C85383AC6969DE /* Pods_RTSPCameraIOS.framework */,
			);
			name = Frameworks;
			sourceTree = "<group>";
		};
		C9C48AF37EC06634C1B1CC84 /* Pods */ = {
			isa = PBXGroup;
			children = (
				4793CA2C25258AB58E023F2C /* Pods-RTSPCameraIOS.debug.xcconfig */,
				01CE3D23C58533AB16126EF5 /* Pods-RTSPCameraIOS.release.xcconfig */,
			);
			path = Pods;
			sourceTree = "<group>";
		};
/* End PBXGroup section */

/* Begin PBXNativeTarget section */
		2E560E8B2805AE7900FB7523 /* RTSPCameraIOS */ = {
			isa = PBXNativeTarget;
			buildConfigurationList = 2E560EBB2805AE7A00FB7523 /* Build configuration list for PBXNativeTarget "RTSPCameraIOS" */;
			buildPhases = (
				59EF25725A6B749D86134938 /* [CP] Check Pods Manifest.lock */,
				2E560E882805AE7900FB7523 /* Sources */,
				2E560E892805AE7900FB7523 /* Frameworks */,
				2E560E8A2805AE7900FB7523 /* Resources */,
				E1237689DBB35EE39FCC8E30 /* [CP] Embed Pods Frameworks */,
			);
			buildRules = (
			);
			dependencies = (
			);
			name = RTSPCameraIOS;
			productName = RTSPCameraIOS;
			productReference = 2E560E8C2805AE7900FB7523 /* RTSPCameraIOS.app */;
			productType = "com.apple.product-type.application";
		};
		2E560EA62805AE7A00FB7523 /* RTSPCameraIOSTests */ = {
			isa = PBXNativeTarget;
			buildConfigurationList = 2E560EBE2805AE7A00FB7523 /* Build configuration list for PBXNativeTarget "RTSPCameraIOSTests" */;
			buildPhases = (
				2E560EA32805AE7A00FB7523 /* Sources */,
				2E560EA42805AE7A00FB7523 /* Frameworks */,
				2E560EA52805AE7A00FB7523 /* Resources */,
			);
			buildRules = (
			);
			dependencies = (
				2E560EA92805AE7A00FB7523 /* PBXTargetDependency */,
			);
			name = RTSPCameraIOSTests;
			productName = RTSPCameraIOSTests;
			productReference = 2E560EA72805AE7A00FB7523 /* RTSPCameraIOSTests.xctest */;
			productType = "com.apple.product-type.bundle.unit-test";
		};
		2E560EB02805AE7A00FB7523 /* RTSPCameraIOSUITests */ = {
			isa = PBXNativeTarget;
			buildConfigurationList = 2E560EC12805AE7A00FB7523 /* Build configuration list for PBXNativeTarget "RTSPCameraIOSUITests" */;
			buildPhases = (
				2E560EAD2805AE7A00FB7523 /* Sources */,
				2E560EAE2805AE7A00FB7523 /* Frameworks */,
				2E560EAF2805AE7A00FB7523 /* Resources */,
			);
			buildRules = (
			);
			dependencies = (
				2E560EB32805AE7A00FB7523 /* PBXTargetDependency */,
			);
			name = RTSPCameraIOSUITests;
			productName = RTSPCameraIOSUITests;
			productReference = 2E560EB12805AE7A00FB7523 /* RTSPCameraIOSUITests.xctest */;
			productType = "com.apple.product-type.bundle.ui-testing";
		};
/* End PBXNativeTarget section */

/* Begin PBXProject section */
		2E560E842805AE7900FB7523 /* Project object */ = {
			isa = PBXProject;
			attributes = {
				BuildIndependentTargetsInParallel = 1;
				LastUpgradeCheck = 1330;
				TargetAttributes = {
					2E560E8B2805AE7900FB7523 = {
						CreatedOnToolsVersion = 13.3;
					};
					2E560EA62805AE7A00FB7523 = {
						CreatedOnToolsVersion = 13.3;
						TestTargetID = 2E560E8B2805AE7900FB7523;
					};
					2E560EB02805AE7A00FB7523 = {
						CreatedOnToolsVersion = 13.3;
						TestTargetID = 2E560E8B2805AE7900FB7523;
					};
				};
			};
			buildConfigurationList = 2E560E872805AE7900FB7523 /* Build configuration list for PBXProject "RTSPCameraIOS" */;
			compatibilityVersion = "Xcode 13.0";
			developmentRegion = en;
			hasScannedForEncodings = 0;
			knownRegions = (
				en,
				Base,
			);
			mainGroup = 2E560E832805AE7900FB7523;
			productRefGroup = 2E560E8D2805AE7900FB7523 /* Products */;
			projectDirPath = "";
			projectRoot = "";
			targets = (
				2E560E8B2805AE7900FB7523 /* RTSPCameraIOS */,
				2E560EA62805AE7A00FB7523 /* RTSPCameraIOSTests */,
				2E560EB02805AE7A00FB7523 /* RTSPCameraIOSUITests */,
			);
		};
/* End PBXProject section */

/* Begin PBXResourcesBuildPhase section */
		2E560E8A2805AE7900FB7523 /* Resources */ = {
			isa = PBXResourcesBuildPhase;
			buildActionMask = 2147483647;
			files = (
				2E560E9C2805AE7A00FB7523 /* Assets.xcassets in Resources */,
				B16E743A28070E9500C20410 /* VideoView.storyboard in Resources */,
				2E560E9A2805AE7900FB7523 /* MainView.storyboard in Resources */,
			);
			runOnlyForDeploymentPostprocessing = 0;
		};
		2E560EA52805AE7A00FB7523 /* Resources */ = {
			isa = PBXResourcesBuildPhase;
			buildActionMask = 2147483647;
			files = (
			);
			runOnlyForDeploymentPostprocessing = 0;
		};
		2E560EAF2805AE7A00FB7523 /* Resources */ = {
			isa = PBXResourcesBuildPhase;
			buildActionMask = 2147483647;
			files = (
			);
			runOnlyForDeploymentPostprocessing = 0;
		};
/* End PBXResourcesBuildPhase section */

/* Begin PBXShellScriptBuildPhase section */
		59EF25725A6B749D86134938 /* [CP] Check Pods Manifest.lock */ = {
			isa = PBXShellScriptBuildPhase;
			buildActionMask = 2147483647;
			files = (
			);
			inputFileListPaths = (
			);
			inputPaths = (
				"${PODS_PODFILE_DIR_PATH}/Podfile.lock",
				"${PODS_ROOT}/Manifest.lock",
			);
			name = "[CP] Check Pods Manifest.lock";
			outputFileListPaths = (
			);
			outputPaths = (
				"$(DERIVED_FILE_DIR)/Pods-RTSPCameraIOS-checkManifestLockResult.txt",
			);
			runOnlyForDeploymentPostprocessing = 0;
			shellPath = /bin/sh;
			shellScript = "diff \"${PODS_PODFILE_DIR_PATH}/Podfile.lock\" \"${PODS_ROOT}/Manifest.lock\" > /dev/null\nif [ $? != 0 ] ; then\n    # print error to STDERR\n    echo \"error: The sandbox is not in sync with the Podfile.lock. Run 'pod install' or update your CocoaPods installation.\" >&2\n    exit 1\nfi\n# This output is used by Xcode 'outputs' to avoid re-running this script phase.\necho \"SUCCESS\" > \"${SCRIPT_OUTPUT_FILE_0}\"\n";
			showEnvVarsInLog = 0;
		};
		E1237689DBB35EE39FCC8E30 /* [CP] Embed Pods Frameworks */ = {
			isa = PBXShellScriptBuildPhase;
			buildActionMask = 2147483647;
			files = (
			);
			inputFileListPaths = (
				"${PODS_ROOT}/Target Support Files/Pods-RTSPCameraIOS/Pods-RTSPCameraIOS-frameworks-${CONFIGURATION}-input-files.xcfilelist",
			);
			name = "[CP] Embed Pods Frameworks";
			outputFileListPaths = (
				"${PODS_ROOT}/Target Support Files/Pods-RTSPCameraIOS/Pods-RTSPCameraIOS-frameworks-${CONFIGURATION}-output-files.xcfilelist",
			);
			runOnlyForDeploymentPostprocessing = 0;
			shellPath = /bin/sh;
			shellScript = "\"${PODS_ROOT}/Target Support Files/Pods-RTSPCameraIOS/Pods-RTSPCameraIOS-frameworks.sh\"\n";
			showEnvVarsInLog = 0;
		};
/* End PBXShellScriptBuildPhase section */

/* Begin PBXSourcesBuildPhase section */
		2E560E882805AE7900FB7523 /* Sources */ = {
			isa = PBXSourcesBuildPhase;
			buildActionMask = 2147483647;
			files = (
				B166B29E2806F36E00F1060E /* Validator.m in Sources */,
				B16E7435280702DE00C20410 /* UINavigationController+Config.m in Sources */,
				2E560E972805AE7900FB7523 /* ViewController.m in Sources */,
				2E755DD42809574A00997DC7 /* Model.m in Sources */,
				B166B2992806F2F400F1060E /* VideoView.m in Sources */,
				B16E743D280726E200C20410 /* RTSPCapturer.m in Sources */,
				2E560E912805AE7900FB7523 /* AppDelegate.m in Sources */,
				B1B8A6F228080305008BE93F /* UIButtonView+Ext.m in Sources */,
				2E560EA22805AE7A00FB7523 /* main.m in Sources */,
				B166B2A22806F5F400F1060E /* VideoStreamController.m in Sources */,
				2E560E942805AE7900FB7523 /* SceneDelegate.m in Sources */,
				B16E74372807047E00C20410 /* UITextView+Ext.m in Sources */,
			);
			runOnlyForDeploymentPostprocessing = 0;
		};
		2E560EA32805AE7A00FB7523 /* Sources */ = {
			isa = PBXSourcesBuildPhase;
			buildActionMask = 2147483647;
			files = (
				2E560EAC2805AE7A00FB7523 /* RTSPCameraIOSTests.m in Sources */,
			);
			runOnlyForDeploymentPostprocessing = 0;
		};
		2E560EAD2805AE7A00FB7523 /* Sources */ = {
			isa = PBXSourcesBuildPhase;
			buildActionMask = 2147483647;
			files = (
				2E560EB82805AE7A00FB7523 /* RTSPCameraIOSUITestsLaunchTests.m in Sources */,
				2E560EB62805AE7A00FB7523 /* RTSPCameraIOSUITests.m in Sources */,
			);
			runOnlyForDeploymentPostprocessing = 0;
		};
/* End PBXSourcesBuildPhase section */

/* Begin PBXTargetDependency section */
		2E560EA92805AE7A00FB7523 /* PBXTargetDependency */ = {
			isa = PBXTargetDependency;
			target = 2E560E8B2805AE7900FB7523 /* RTSPCameraIOS */;
			targetProxy = 2E560EA82805AE7A00FB7523 /* PBXContainerItemProxy */;
		};
		2E560EB32805AE7A00FB7523 /* PBXTargetDependency */ = {
			isa = PBXTargetDependency;
			target = 2E560E8B2805AE7900FB7523 /* RTSPCameraIOS */;
			targetProxy = 2E560EB22805AE7A00FB7523 /* PBXContainerItemProxy */;
		};
/* End PBXTargetDependency section */

/* Begin PBXVariantGroup section */
		2E560E982805AE7900FB7523 /* MainView.storyboard */ = {
			isa = PBXVariantGroup;
			children = (
				2E560E992805AE7900FB7523 /* Base */,
			);
			name = MainView.storyboard;
			sourceTree = "<group>";
		};
/* End PBXVariantGroup section */

/* Begin XCBuildConfiguration section */
		2E560EB92805AE7A00FB7523 /* Debug */ = {
			isa = XCBuildConfiguration;
			buildSettings = {
				ALWAYS_SEARCH_USER_PATHS = NO;
				CLANG_ANALYZER_NONNULL = YES;
				CLANG_ANALYZER_NUMBER_OBJECT_CONVERSION = YES_AGGRESSIVE;
				CLANG_CXX_LANGUAGE_STANDARD = "gnu++17";
				CLANG_ENABLE_MODULES = YES;
				CLANG_ENABLE_OBJC_ARC = YES;
				CLANG_ENABLE_OBJC_WEAK = YES;
				CLANG_WARN_BLOCK_CAPTURE_AUTORELEASING = YES;
				CLANG_WARN_BOOL_CONVERSION = YES;
				CLANG_WARN_COMMA = YES;
				CLANG_WARN_CONSTANT_CONVERSION = YES;
				CLANG_WARN_DEPRECATED_OBJC_IMPLEMENTATIONS = YES;
				CLANG_WARN_DIRECT_OBJC_ISA_USAGE = YES_ERROR;
				CLANG_WARN_DOCUMENTATION_COMMENTS = YES;
				CLANG_WARN_EMPTY_BODY = YES;
				CLANG_WARN_ENUM_CONVERSION = YES;
				CLANG_WARN_INFINITE_RECURSION = YES;
				CLANG_WARN_INT_CONVERSION = YES;
				CLANG_WARN_NON_LITERAL_NULL_CONVERSION = YES;
				CLANG_WARN_OBJC_IMPLICIT_RETAIN_SELF = YES;
				CLANG_WARN_OBJC_LITERAL_CONVERSION = YES;
				CLANG_WARN_OBJC_ROOT_CLASS = YES_ERROR;
				CLANG_WARN_QUOTED_INCLUDE_IN_FRAMEWORK_HEADER = YES;
				CLANG_WARN_RANGE_LOOP_ANALYSIS = YES;
				CLANG_WARN_STRICT_PROTOTYPES = YES;
				CLANG_WARN_SUSPICIOUS_MOVE = YES;
				CLANG_WARN_UNGUARDED_AVAILABILITY = YES_AGGRESSIVE;
				CLANG_WARN_UNREACHABLE_CODE = YES;
				CLANG_WARN__DUPLICATE_METHOD_MATCH = YES;
				COPY_PHASE_STRIP = NO;
				DEBUG_INFORMATION_FORMAT = dwarf;
				ENABLE_STRICT_OBJC_MSGSEND = YES;
				ENABLE_TESTABILITY = YES;
				GCC_C_LANGUAGE_STANDARD = gnu11;
				GCC_DYNAMIC_NO_PIC = NO;
				GCC_NO_COMMON_BLOCKS = YES;
				GCC_OPTIMIZATION_LEVEL = 0;
				GCC_PREPROCESSOR_DEFINITIONS = (
					"DEBUG=1",
					"$(inherited)",
				);
				GCC_WARN_64_TO_32_BIT_CONVERSION = YES;
				GCC_WARN_ABOUT_RETURN_TYPE = YES_ERROR;
				GCC_WARN_UNDECLARED_SELECTOR = YES;
				GCC_WARN_UNINITIALIZED_AUTOS = YES_AGGRESSIVE;
				GCC_WARN_UNUSED_FUNCTION = YES;
				GCC_WARN_UNUSED_VARIABLE = YES;
				IPHONEOS_DEPLOYMENT_TARGET = 15.4;
				MTL_ENABLE_DEBUG_INFO = INCLUDE_SOURCE;
				MTL_FAST_MATH = YES;
				ONLY_ACTIVE_ARCH = YES;
				SDKROOT = iphoneos;
			};
			name = Debug;
		};
		2E560EBA2805AE7A00FB7523 /* Release */ = {
			isa = XCBuildConfiguration;
			buildSettings = {
				ALWAYS_SEARCH_USER_PATHS = NO;
				CLANG_ANALYZER_NONNULL = YES;
				CLANG_ANALYZER_NUMBER_OBJECT_CONVERSION = YES_AGGRESSIVE;
				CLANG_CXX_LANGUAGE_STANDARD = "gnu++17";
				CLANG_ENABLE_MODULES = YES;
				CLANG_ENABLE_OBJC_ARC = YES;
				CLANG_ENABLE_OBJC_WEAK = YES;
				CLANG_WARN_BLOCK_CAPTURE_AUTORELEASING = YES;
				CLANG_WARN_BOOL_CONVERSION = YES;
				CLANG_WARN_COMMA = YES;
				CLANG_WARN_CONSTANT_CONVERSION = YES;
				CLANG_WARN_DEPRECATED_OBJC_IMPLEMENTATIONS = YES;
				CLANG_WARN_DIRECT_OBJC_ISA_USAGE = YES_ERROR;
				CLANG_WARN_DOCUMENTATION_COMMENTS = YES;
				CLANG_WARN_EMPTY_BODY = YES;
				CLANG_WARN_ENUM_CONVERSION = YES;
				CLANG_WARN_INFINITE_RECURSION = YES;
				CLANG_WARN_INT_CONVERSION = YES;
				CLANG_WARN_NON_LITERAL_NULL_CONVERSION = YES;
				CLANG_WARN_OBJC_IMPLICIT_RETAIN_SELF = YES;
				CLANG_WARN_OBJC_LITERAL_CONVERSION = YES;
				CLANG_WARN_OBJC_ROOT_CLASS = YES_ERROR;
				CLANG_WARN_QUOTED_INCLUDE_IN_FRAMEWORK_HEADER = YES;
				CLANG_WARN_RANGE_LOOP_ANALYSIS = YES;
				CLANG_WARN_STRICT_PROTOTYPES = YES;
				CLANG_WARN_SUSPICIOUS_MOVE = YES;
				CLANG_WARN_UNGUARDED_AVAILABILITY = YES_AGGRESSIVE;
				CLANG_WARN_UNREACHABLE_CODE = YES;
				CLANG_WARN__DUPLICATE_METHOD_MATCH = YES;
				COPY_PHASE_STRIP = NO;
				DEBUG_INFORMATION_FORMAT = "dwarf-with-dsym";
				ENABLE_NS_ASSERTIONS = NO;
				ENABLE_STRICT_OBJC_MSGSEND = YES;
				GCC_C_LANGUAGE_STANDARD = gnu11;
				GCC_NO_COMMON_BLOCKS = YES;
				GCC_WARN_64_TO_32_BIT_CONVERSION = YES;
				GCC_WARN_ABOUT_RETURN_TYPE = YES_ERROR;
				GCC_WARN_UNDECLARED_SELECTOR = YES;
				GCC_WARN_UNINITIALIZED_AUTOS = YES_AGGRESSIVE;
				GCC_WARN_UNUSED_FUNCTION = YES;
				GCC_WARN_UNUSED_VARIABLE = YES;
				IPHONEOS_DEPLOYMENT_TARGET = 15.4;
				MTL_ENABLE_DEBUG_INFO = NO;
				MTL_FAST_MATH = YES;
				SDKROOT = iphoneos;
				VALIDATE_PRODUCT = YES;
			};
			name = Release;
		};
		2E560EBC2805AE7A00FB7523 /* Debug */ = {
			isa = XCBuildConfiguration;
			baseConfigurationReference = 4793CA2C25258AB58E023F2C /* Pods-RTSPCameraIOS.debug.xcconfig */;
			buildSettings = {
				ASSETCATALOG_COMPILER_APPICON_NAME = AppIcon;
				ASSETCATALOG_COMPILER_GLOBAL_ACCENT_COLOR_NAME = AccentColor;
				CODE_SIGN_STYLE = Automatic;
				CURRENT_PROJECT_VERSION = 1;
				DEVELOPMENT_TEAM = MHCM5E2KX5;
				ENABLE_BITCODE = NO;
				EXCLUDED_ARCHS = "";
				GENERATE_INFOPLIST_FILE = YES;
				INFOPLIST_FILE = RTSPCameraIOS/Info.plist;
				INFOPLIST_KEY_UIApplicationSupportsIndirectInputEvents = YES;
				INFOPLIST_KEY_UILaunchStoryboardName = LaunchScreen;
				INFOPLIST_KEY_UIMainStoryboardFile = MainView;
				INFOPLIST_KEY_UISupportedInterfaceOrientations_iPad = "UIInterfaceOrientationPortrait UIInterfaceOrientationPortraitUpsideDown UIInterfaceOrientationLandscapeLeft UIInterfaceOrientationLandscapeRight";
				INFOPLIST_KEY_UISupportedInterfaceOrientations_iPhone = "UIInterfaceOrientationPortrait UIInterfaceOrientationLandscapeLeft UIInterfaceOrientationLandscapeRight";
				IPHONEOS_DEPLOYMENT_TARGET = 14.0;
				LD_RUNPATH_SEARCH_PATHS = (
					"$(inherited)",
					"@executable_path/Frameworks",
				);
				LIBRARY_SEARCH_PATHS = (
					"$(inherited)",
					"$(PROJECT_DIR)/live555helper/output",
				);
				MARKETING_VERSION = 1.0;
				ONLY_ACTIVE_ARCH = YES;
				PRODUCT_BUNDLE_IDENTIFIER = com.softfoundry.RTSPCameraIOS;
				PRODUCT_NAME = "$(TARGET_NAME)";
				SWIFT_EMIT_LOC_STRINGS = YES;
				TARGETED_DEVICE_FAMILY = "1,2";
			};
			name = Debug;
		};
		2E560EBD2805AE7A00FB7523 /* Release */ = {
			isa = XCBuildConfiguration;
			baseConfigurationReference = 01CE3D23C58533AB16126EF5 /* Pods-RTSPCameraIOS.release.xcconfig */;
			buildSettings = {
				ASSETCATALOG_COMPILER_APPICON_NAME = AppIcon;
				ASSETCATALOG_COMPILER_GLOBAL_ACCENT_COLOR_NAME = AccentColor;
				CODE_SIGN_STYLE = Automatic;
				CURRENT_PROJECT_VERSION = 1;
				DEVELOPMENT_TEAM = MHCM5E2KX5;
				ENABLE_BITCODE = NO;
				GENERATE_INFOPLIST_FILE = YES;
				INFOPLIST_FILE = RTSPCameraIOS/Info.plist;
				INFOPLIST_KEY_UIApplicationSupportsIndirectInputEvents = YES;
				INFOPLIST_KEY_UILaunchStoryboardName = LaunchScreen;
				INFOPLIST_KEY_UIMainStoryboardFile = MainView;
				INFOPLIST_KEY_UISupportedInterfaceOrientations_iPad = "UIInterfaceOrientationPortrait UIInterfaceOrientationPortraitUpsideDown UIInterfaceOrientationLandscapeLeft UIInterfaceOrientationLandscapeRight";
				INFOPLIST_KEY_UISupportedInterfaceOrientations_iPhone = "UIInterfaceOrientationPortrait UIInterfaceOrientationLandscapeLeft UIInterfaceOrientationLandscapeRight";
				IPHONEOS_DEPLOYMENT_TARGET = 14.0;
				LD_RUNPATH_SEARCH_PATHS = (
					"$(inherited)",
					"@executable_path/Frameworks",
				);
				LIBRARY_SEARCH_PATHS = (
					"$(inherited)",
					"$(PROJECT_DIR)/live555helper/output",
				);
				MARKETING_VERSION = 1.0;
				ONLY_ACTIVE_ARCH = YES;
				PRODUCT_BUNDLE_IDENTIFIER = com.softfoundry.RTSPCameraIOS;
				PRODUCT_NAME = "$(TARGET_NAME)";
				SWIFT_EMIT_LOC_STRINGS = YES;
				TARGETED_DEVICE_FAMILY = "1,2";
			};
			name = Release;
		};
		2E560EBF2805AE7A00FB7523 /* Debug */ = {
			isa = XCBuildConfiguration;
			buildSettings = {
				BUNDLE_LOADER = "$(TEST_HOST)";
				CODE_SIGN_STYLE = Automatic;
				CURRENT_PROJECT_VERSION = 1;
				DEVELOPMENT_TEAM = MHCM5E2KX5;
				GENERATE_INFOPLIST_FILE = YES;
				IPHONEOS_DEPLOYMENT_TARGET = 15.4;
				MARKETING_VERSION = 1.0;
				PRODUCT_BUNDLE_IDENTIFIER = com.softfoundry.RTSPCameraIOSTests;
				PRODUCT_NAME = "$(TARGET_NAME)";
				SWIFT_EMIT_LOC_STRINGS = NO;
				TARGETED_DEVICE_FAMILY = "1,2";
				TEST_HOST = "$(BUILT_PRODUCTS_DIR)/RTSPCameraIOS.app/RTSPCameraIOS";
			};
			name = Debug;
		};
		2E560EC02805AE7A00FB7523 /* Release */ = {
			isa = XCBuildConfiguration;
			buildSettings = {
				BUNDLE_LOADER = "$(TEST_HOST)";
				CODE_SIGN_STYLE = Automatic;
				CURRENT_PROJECT_VERSION = 1;
				DEVELOPMENT_TEAM = MHCM5E2KX5;
				GENERATE_INFOPLIST_FILE = YES;
				IPHONEOS_DEPLOYMENT_TARGET = 15.4;
				MARKETING_VERSION = 1.0;
				PRODUCT_BUNDLE_IDENTIFIER = com.softfoundry.RTSPCameraIOSTests;
				PRODUCT_NAME = "$(TARGET_NAME)";
				SWIFT_EMIT_LOC_STRINGS = NO;
				TARGETED_DEVICE_FAMILY = "1,2";
				TEST_HOST = "$(BUILT_PRODUCTS_DIR)/RTSPCameraIOS.app/RTSPCameraIOS";
			};
			name = Release;
		};
		2E560EC22805AE7A00FB7523 /* Debug */ = {
			isa = XCBuildConfiguration;
			buildSettings = {
				CODE_SIGN_STYLE = Automatic;
				CURRENT_PROJECT_VERSION = 1;
				DEVELOPMENT_TEAM = MHCM5E2KX5;
				GENERATE_INFOPLIST_FILE = YES;
				MARKETING_VERSION = 1.0;
				PRODUCT_BUNDLE_IDENTIFIER = com.softfoundry.RTSPCameraIOSUITests;
				PRODUCT_NAME = "$(TARGET_NAME)";
				SWIFT_EMIT_LOC_STRINGS = NO;
				TARGETED_DEVICE_FAMILY = "1,2";
				TEST_TARGET_NAME = RTSPCameraIOS;
			};
			name = Debug;
		};
		2E560EC32805AE7A00FB7523 /* Release */ = {
			isa = XCBuildConfiguration;
			buildSettings = {
				CODE_SIGN_STYLE = Automatic;
				CURRENT_PROJECT_VERSION = 1;
				DEVELOPMENT_TEAM = MHCM5E2KX5;
				GENERATE_INFOPLIST_FILE = YES;
				MARKETING_VERSION = 1.0;
				PRODUCT_BUNDLE_IDENTIFIER = com.softfoundry.RTSPCameraIOSUITests;
				PRODUCT_NAME = "$(TARGET_NAME)";
				SWIFT_EMIT_LOC_STRINGS = NO;
				TARGETED_DEVICE_FAMILY = "1,2";
				TEST_TARGET_NAME = RTSPCameraIOS;
			};
			name = Release;
		};
/* End XCBuildConfiguration section */

/* Begin XCConfigurationList section */
		2E560E872805AE7900FB7523 /* Build configuration list for PBXProject "RTSPCameraIOS" */ = {
			isa = XCConfigurationList;
			buildConfigurations = (
				2E560EB92805AE7A00FB7523 /* Debug */,
				2E560EBA2805AE7A00FB7523 /* Release */,
			);
			defaultConfigurationIsVisible = 0;
			defaultConfigurationName = Release;
		};
		2E560EBB2805AE7A00FB7523 /* Build configuration list for PBXNativeTarget "RTSPCameraIOS" */ = {
			isa = XCConfigurationList;
			buildConfigurations = (
				2E560EBC2805AE7A00FB7523 /* Debug */,
				2E560EBD2805AE7A00FB7523 /* Release */,
			);
			defaultConfigurationIsVisible = 0;
			defaultConfigurationName = Release;
		};
		2E560EBE2805AE7A00FB7523 /* Build configuration list for PBXNativeTarget "RTSPCameraIOSTests" */ = {
			isa = XCConfigurationList;
			buildConfigurations = (
				2E560EBF2805AE7A00FB7523 /* Debug */,
				2E560EC02805AE7A00FB7523 /* Release */,
			);
			defaultConfigurationIsVisible = 0;
			defaultConfigurationName = Release;
		};
		2E560EC12805AE7A00FB7523 /* Build configuration list for PBXNativeTarget "RTSPCameraIOSUITests" */ = {
			isa = XCConfigurationList;
			buildConfigurations = (
				2E560EC22805AE7A00FB7523 /* Debug */,
				2E560EC32805AE7A00FB7523 /* Release */,
			);
			defaultConfigurationIsVisible = 0;
			defaultConfigurationName = Release;
		};
/* End XCConfigurationList section */
	};
	rootObject = 2E560E842805AE7900FB7523 /* Project object */;
}
